{
  "requires": true,
  "lockfileVersion": 1,
  "dependencies": {
    "@types/unist": {
      "version": "2.0.3",
      "resolved": "https://registry.npmjs.org/@types/unist/-/unist-2.0.3.tgz",
      "integrity": "sha512-FvUupuM3rlRsRtCN+fDudtmytGO6iHJuuRKS1Ss0pG5z8oX0diNEw94UEL7hgDbpN94rgaK5R7sWm6RrSkZuAQ=="
    },
    "fault": {
      "version": "1.0.4",
      "resolved": "https://registry.npmjs.org/fault/-/fault-1.0.4.tgz",
      "integrity": "sha512-CJ0HCB5tL5fYTEA7ToAq5+kTwd++Borf1/bifxd9iT70QcXr4MRrO3Llf8Ifs70q+SJcGHFtnIE/Nw6giCtECA==",
      "requires": {
        "format": "^0.2.0"
      }
    },
    "format": {
      "version": "0.2.2",
      "resolved": "https://registry.npmjs.org/format/-/format-0.2.2.tgz",
      "integrity": "sha1-1hcBB+nv3E7TDJ3DkBbflCtctYs="
    },
    "highlight.js": {
      "version": "10.4.1",
      "resolved": "https://registry.npmjs.org/highlight.js/-/highlight.js-10.4.1.tgz",
      "integrity": "sha512-yR5lWvNz7c85OhVAEAeFhVCc/GV4C30Fjzc/rCP0aCWzc1UUOPUk55dK/qdwTZHBvMZo+eZ2jpk62ndX/xMFlg=="
    },
    "lowlight": {
      "version": "1.17.0",
      "resolved": "https://registry.npmjs.org/lowlight/-/lowlight-1.17.0.tgz",
      "integrity": "sha512-vmtBgYKD+QVNy7tIa7ulz5d//Il9R4MooOVh4nkOf9R9Cb/Dk5TXMSTieg/vDulkBkIWj59/BIlyFQxT9X1oAQ==",
      "requires": {
        "fault": "^1.0.0",
        "highlight.js": "~10.4.0"
      }
    },
    "remark-highlight.js": {
      "version": "6.0.0",
      "resolved": "https://registry.npmjs.org/remark-highlight.js/-/remark-highlight.js-6.0.0.tgz",
      "integrity": "sha512-eNHP/ezuDKoeh3KV+rWLeBVzU3SYVt0uu1tHdsCB6TUJYHwTNMJWZ5+nU+2fJHQXb+7PtpfGXVtFS9zk/W6qdw==",
      "requires": {
        "lowlight": "^1.2.0",
        "unist-util-visit": "^2.0.0"
      }
    },
    "unist-util-is": {
      "version": "4.0.4",
      "resolved": "https://registry.npmjs.org/unist-util-is/-/unist-util-is-4.0.4.tgz",
      "integrity": "sha512-3dF39j/u423v4BBQrk1AQ2Ve1FxY5W3JKwXxVFzBODQ6WEvccguhgp802qQLKSnxPODE6WuRZtV+ohlUg4meBA=="
    },
    "unist-util-visit": {
      "version": "2.0.3",
      "resolved": "https://registry.npmjs.org/unist-util-visit/-/unist-util-visit-2.0.3.tgz",
      "integrity": "sha512-iJ4/RczbJMkD0712mGktuGpm/U4By4FfDonL7N/9tATGIF4imikjOuagyMY53tnZq3NP6BcmlrHhEKAfGWjh7Q==",
      "requires": {
        "@types/unist": "^2.0.0",
        "unist-util-is": "^4.0.0",
        "unist-util-visit-parents": "^3.0.0"
      }
    },
    "unist-util-visit-parents": {
      "version": "3.1.1",
      "resolved": "https://registry.npmjs.org/unist-util-visit-parents/-/unist-util-visit-parents-3.1.1.tgz",
      "integrity": "sha512-1KROIZWo6bcMrZEwiH2UrXDyalAa0uqzWCxCJj6lPOvTve2WkfgCytoDTPaMnodXh1WrXOq0haVYHj99ynJlsg==",
      "requires": {
        "@types/unist": "^2.0.0",
        "unist-util-is": "^4.0.0"
      }
    }
  }
}
